// !$*UTF8*$!
{
	archiveVersion = 1;
	classes = {
	};
	objectVersion = 46;
	objects = {

/* Begin PBXBuildFile section */
		4736D694F004486DE68B39E9 /* Pods_SocialTest.framework in Frameworks */ = {isa = PBXBuildFile; fileRef = 80837B15EF8A4C603E04B0F5 /* Pods_SocialTest.framework */; };
		EE243CE11F4C598E004ACD62 /* FancyView.swift in Sources */ = {isa = PBXBuildFile; fileRef = EE243CE01F4C598E004ACD62 /* FancyView.swift */; };
		EE243CE41F4C59E3004ACD62 /* Constants.swift in Sources */ = {isa = PBXBuildFile; fileRef = EE243CE31F4C59E3004ACD62 /* Constants.swift */; };
		EE243CE61F4C5B19004ACD62 /* RoundBtn.swift in Sources */ = {isa = PBXBuildFile; fileRef = EE243CE51F4C5B19004ACD62 /* RoundBtn.swift */; };
		EE243CE81F4C5C1B004ACD62 /* FancyField.swift in Sources */ = {isa = PBXBuildFile; fileRef = EE243CE71F4C5C1B004ACD62 /* FancyField.swift */; };
		EE243CEA1F4C5D0A004ACD62 /* FancyBtn.swift in Sources */ = {isa = PBXBuildFile; fileRef = EE243CE91F4C5D0A004ACD62 /* FancyBtn.swift */; };
		EE243CEC1F4C623A004ACD62 /* CircleImageView.swift in Sources */ = {isa = PBXBuildFile; fileRef = EE243CEB1F4C623A004ACD62 /* CircleImageView.swift */; };
		EE2E1A271F4C6E8600C7E4B2 /* GoogleService-Info.plist in Resources */ = {isa = PBXBuildFile; fileRef = EE2E1A261F4C6E8600C7E4B2 /* GoogleService-Info.plist */; };
		EE2E1A2A1F4DA2A200C7E4B2 /* FeedVC.swift in Sources */ = {isa = PBXBuildFile; fileRef = EE2E1A291F4DA2A200C7E4B2 /* FeedVC.swift */; };
		EE2E1A2C1F4EB21C00C7E4B2 /* PostCell.swift in Sources */ = {isa = PBXBuildFile; fileRef = EE2E1A2B1F4EB21C00C7E4B2 /* PostCell.swift */; };
		EEDE82CD1F1CDD67003691B7 /* AppDelegate.swift in Sources */ = {isa = PBXBuildFile; fileRef = EEDE82CC1F1CDD67003691B7 /* AppDelegate.swift */; };
		EEDE82CF1F1CDD67003691B7 /* SignInVC.swift in Sources */ = {isa = PBXBuildFile; fileRef = EEDE82CE1F1CDD67003691B7 /* SignInVC.swift */; };
		EEDE82D21F1CDD67003691B7 /* Main.storyboard in Resources */ = {isa = PBXBuildFile; fileRef = EEDE82D01F1CDD67003691B7 /* Main.storyboard */; };
		EEDE82D41F1CDD67003691B7 /* Assets.xcassets in Resources */ = {isa = PBXBuildFile; fileRef = EEDE82D31F1CDD67003691B7 /* Assets.xcassets */; };
		EEDE82D71F1CDD67003691B7 /* LaunchScreen.storyboard in Resources */ = {isa = PBXBuildFile; fileRef = EEDE82D51F1CDD67003691B7 /* LaunchScreen.storyboard */; };
/* End PBXBuildFile section */

/* Begin PBXFileReference section */
		7E988E651642DBA4F1AB12D5 /* Pods-SocialTest.debug.xcconfig */ = {isa = PBXFileReference; includeInIndex = 1; lastKnownFileType = text.xcconfig; name = "Pods-SocialTest.debug.xcconfig"; path = "Pods/Target Support Files/Pods-SocialTest/Pods-SocialTest.debug.xcconfig"; sourceTree = "<group>"; };
		80837B15EF8A4C603E04B0F5 /* Pods_SocialTest.framework */ = {isa = PBXFileReference; explicitFileType = wrapper.framework; includeInIndex = 0; path = Pods_SocialTest.framework; sourceTree = BUILT_PRODUCTS_DIR; };
		9A1A1FD995FEA248A23804D2 /* Pods-SocialTest.release.xcconfig */ = {isa = PBXFileReference; includeInIndex = 1; lastKnownFileType = text.xcconfig; name = "Pods-SocialTest.release.xcconfig"; path = "Pods/Target Support Files/Pods-SocialTest/Pods-SocialTest.release.xcconfig"; sourceTree = "<group>"; };
		EE243CE01F4C598E004ACD62 /* FancyView.swift */ = {isa = PBXFileReference; fileEncoding = 4; lastKnownFileType = sourcecode.swift; name = FancyView.swift; path = View/FancyView.swift; sourceTree = "<group>"; };
		EE243CE31F4C59E3004ACD62 /* Constants.swift */ = {isa = PBXFileReference; fileEncoding = 4; lastKnownFileType = sourcecode.swift; name = Constants.swift; path = Utils/Constants.swift; sourceTree = "<group>"; };
		EE243CE51F4C5B19004ACD62 /* RoundBtn.swift */ = {isa = PBXFileReference; fileEncoding = 4; lastKnownFileType = sourcecode.swift; name = RoundBtn.swift; path = View/RoundBtn.swift; sourceTree = "<group>"; };
		EE243CE71F4C5C1B004ACD62 /* FancyField.swift */ = {isa = PBXFileReference; fileEncoding = 4; lastKnownFileType = sourcecode.swift; name = FancyField.swift; path = View/FancyField.swift; sourceTree = "<group>"; };
		EE243CE91F4C5D0A004ACD62 /* FancyBtn.swift */ = {isa = PBXFileReference; fileEncoding = 4; lastKnownFileType = sourcecode.swift; name = FancyBtn.swift; path = View/FancyBtn.swift; sourceTree = "<group>"; };
		EE243CEB1F4C623A004ACD62 /* CircleImageView.swift */ = {isa = PBXFileReference; fileEncoding = 4; lastKnownFileType = sourcecode.swift; path = CircleImageView.swift; sourceTree = "<group>"; };
		EE2E1A251F4C699500C7E4B2 /* SocialTest.entitlements */ = {isa = PBXFileReference; lastKnownFileType = text.plist.entitlements; path = SocialTest.entitlements; sourceTree = "<group>"; };
		EE2E1A261F4C6E8600C7E4B2 /* GoogleService-Info.plist */ = {isa = PBXFileReference; fileEncoding = 4; lastKnownFileType = text.plist.xml; path = "GoogleService-Info.plist"; sourceTree = "<group>"; };
		EE2E1A291F4DA2A200C7E4B2 /* FeedVC.swift */ = {isa = PBXFileReference; fileEncoding = 4; lastKnownFileType = sourcecode.swift; name = FeedVC.swift; path = Controller/FeedVC.swift; sourceTree = "<group>"; };
		EE2E1A2B1F4EB21C00C7E4B2 /* PostCell.swift */ = {isa = PBXFileReference; fileEncoding = 4; lastKnownFileType = sourcecode.swift; name = PostCell.swift; path = View/PostCell.swift; sourceTree = "<group>"; };
		EEDE82C91F1CDD67003691B7 /* SocialTest.app */ = {isa = PBXFileReference; explicitFileType = wrapper.application; includeInIndex = 0; path = SocialTest.app; sourceTree = BUILT_PRODUCTS_DIR; };
		EEDE82CC1F1CDD67003691B7 /* AppDelegate.swift */ = {isa = PBXFileReference; lastKnownFileType = sourcecode.swift; path = AppDelegate.swift; sourceTree = "<group>"; };
		EEDE82CE1F1CDD67003691B7 /* SignInVC.swift */ = {isa = PBXFileReference; lastKnownFileType = sourcecode.swift; path = SignInVC.swift; sourceTree = "<group>"; };
		EEDE82D11F1CDD67003691B7 /* Base */ = {isa = PBXFileReference; lastKnownFileType = file.storyboard; name = Base; path = Base.lproj/Main.storyboard; sourceTree = "<group>"; };
		EEDE82D31F1CDD67003691B7 /* Assets.xcassets */ = {isa = PBXFileReference; lastKnownFileType = folder.assetcatalog; path = Assets.xcassets; sourceTree = "<group>"; };
		EEDE82D61F1CDD67003691B7 /* Base */ = {isa = PBXFileReference; lastKnownFileType = file.storyboard; name = Base; path = Base.lproj/LaunchScreen.storyboard; sourceTree = "<group>"; };
		EEDE82D81F1CDD67003691B7 /* Info.plist */ = {isa = PBXFileReference; lastKnownFileType = text.plist.xml; path = Info.plist; sourceTree = "<group>"; };
/* End PBXFileReference section */

/* Begin PBXFrameworksBuildPhase section */
		EEDE82C61F1CDD67003691B7 /* Frameworks */ = {
			isa = PBXFrameworksBuildPhase;
			buildActionMask = 2147483647;
			files = (
				4736D694F004486DE68B39E9 /* Pods_SocialTest.framework in Frameworks */,
			);
			runOnlyForDeploymentPostprocessing = 0;
		};
/* End PBXFrameworksBuildPhase section */

/* Begin PBXGroup section */
		109848E8DFE1EED805A29BEA /* Pods */ = {
			isa = PBXGroup;
			children = (
				7E988E651642DBA4F1AB12D5 /* Pods-SocialTest.debug.xcconfig */,
				9A1A1FD995FEA248A23804D2 /* Pods-SocialTest.release.xcconfig */,
			);
			name = Pods;
			sourceTree = "<group>";
		};
		355AE6EE4BC0EB08209F1618 /* Frameworks */ = {
			isa = PBXGroup;
			children = (
				80837B15EF8A4C603E04B0F5 /* Pods_SocialTest.framework */,
			);
			name = Frameworks;
			sourceTree = "<group>";
		};
		EE243CE21F4C59C9004ACD62 /* Utils */ = {
			isa = PBXGroup;
			children = (
				EE243CE31F4C59E3004ACD62 /* Constants.swift */,
			);
			name = Utils;
			sourceTree = "<group>";
		};
		EE2E1A281F4D9EF800C7E4B2 /* Storyboard */ = {
			isa = PBXGroup;
			children = (
				EEDE82D01F1CDD67003691B7 /* Main.storyboard */,
				EEDE82D51F1CDD67003691B7 /* LaunchScreen.storyboard */,
			);
			name = Storyboard;
			sourceTree = "<group>";
		};
		EEDE82C01F1CDD67003691B7 = {
			isa = PBXGroup;
			children = (
				EEDE82CB1F1CDD67003691B7 /* SocialTest */,
				EEDE82CA1F1CDD67003691B7 /* Products */,
				109848E8DFE1EED805A29BEA /* Pods */,
				355AE6EE4BC0EB08209F1618 /* Frameworks */,
			);
			sourceTree = "<group>";
		};
		EEDE82CA1F1CDD67003691B7 /* Products */ = {
			isa = PBXGroup;
			children = (
				EEDE82C91F1CDD67003691B7 /* SocialTest.app */,
			);
			name = Products;
			sourceTree = "<group>";
		};
		EEDE82CB1F1CDD67003691B7 /* SocialTest */ = {
			isa = PBXGroup;
			children = (
				EE2E1A251F4C699500C7E4B2 /* SocialTest.entitlements */,
				EE243CE21F4C59C9004ACD62 /* Utils */,
				EEDE82E01F1CDF26003691B7 /* Controller */,
				EE2E1A281F4D9EF800C7E4B2 /* Storyboard */,
				EEDE82E11F1CDF2D003691B7 /* View */,
				EEDE82E21F1CDF32003691B7 /* Model */,
				EEDE82CC1F1CDD67003691B7 /* AppDelegate.swift */,
				EEDE82D31F1CDD67003691B7 /* Assets.xcassets */,
				EEDE82D81F1CDD67003691B7 /* Info.plist */,
				EE2E1A261F4C6E8600C7E4B2 /* GoogleService-Info.plist */,
			);
			path = SocialTest;
			sourceTree = "<group>";
		};
		EEDE82E01F1CDF26003691B7 /* Controller */ = {
			isa = PBXGroup;
			children = (
				EEDE82CE1F1CDD67003691B7 /* SignInVC.swift */,
				EE2E1A291F4DA2A200C7E4B2 /* FeedVC.swift */,
			);
			name = Controller;
			sourceTree = "<group>";
		};
		EEDE82E11F1CDF2D003691B7 /* View */ = {
			isa = PBXGroup;
			children = (
				EE243CE01F4C598E004ACD62 /* FancyView.swift */,
				EE243CE51F4C5B19004ACD62 /* RoundBtn.swift */,
				EE243CE71F4C5C1B004ACD62 /* FancyField.swift */,
				EE243CE91F4C5D0A004ACD62 /* FancyBtn.swift */,
				EE243CEB1F4C623A004ACD62 /* CircleImageView.swift */,
				EE2E1A2B1F4EB21C00C7E4B2 /* PostCell.swift */,
			);
			name = View;
			sourceTree = "<group>";
		};
		EEDE82E21F1CDF32003691B7 /* Model */ = {
			isa = PBXGroup;
			children = (
			);
			name = Model;
			sourceTree = "<group>";
		};
/* End PBXGroup section */

/* Begin PBXNativeTarget section */
		EEDE82C81F1CDD67003691B7 /* SocialTest */ = {
			isa = PBXNativeTarget;
			buildConfigurationList = EEDE82DB1F1CDD67003691B7 /* Build configuration list for PBXNativeTarget "SocialTest" */;
			buildPhases = (
				1E0113584218FBE2CF4D23C1 /* [CP] Check Pods Manifest.lock */,
				EEDE82C51F1CDD67003691B7 /* Sources */,
				EEDE82C61F1CDD67003691B7 /* Frameworks */,
				EEDE82C71F1CDD67003691B7 /* Resources */,
				E16EF10BAEF3CE52A4C2B068 /* [CP] Embed Pods Frameworks */,
				9131C8A3DF8B1C54588F02C5 /* [CP] Copy Pods Resources */,
			);
			buildRules = (
			);
			dependencies = (
			);
			name = SocialTest;
			productName = SocialTest;
			productReference = EEDE82C91F1CDD67003691B7 /* SocialTest.app */;
			productType = "com.apple.product-type.application";
		};
/* End PBXNativeTarget section */

/* Begin PBXProject section */
		EEDE82C11F1CDD67003691B7 /* Project object */ = {
			isa = PBXProject;
			attributes = {
				LastSwiftUpdateCheck = 0830;
				LastUpgradeCheck = 0830;
				ORGANIZATIONNAME = HardCode;
				TargetAttributes = {
					EEDE82C81F1CDD67003691B7 = {
						CreatedOnToolsVersion = 8.3.3;
						DevelopmentTeam = 9CCA576RL3;
						ProvisioningStyle = Automatic;
						SystemCapabilities = {
							com.apple.Keychain = {
								enabled = 1;
							};
						};
					};
				};
			};
			buildConfigurationList = EEDE82C41F1CDD67003691B7 /* Build configuration list for PBXProject "SocialTest" */;
			compatibilityVersion = "Xcode 3.2";
			developmentRegion = English;
			hasScannedForEncodings = 0;
			knownRegions = (
				en,
				Base,
			);
			mainGroup = EEDE82C01F1CDD67003691B7;
			productRefGroup = EEDE82CA1F1CDD67003691B7 /* Products */;
			projectDirPath = "";
			projectRoot = "";
			targets = (
				EEDE82C81F1CDD67003691B7 /* SocialTest */,
			);
		};
/* End PBXProject section */

/* Begin PBXResourcesBuildPhase section */
		EEDE82C71F1CDD67003691B7 /* Resources */ = {
			isa = PBXResourcesBuildPhase;
			buildActionMask = 2147483647;
			files = (
				EEDE82D71F1CDD67003691B7 /* LaunchScreen.storyboard in Resources */,
				EE2E1A271F4C6E8600C7E4B2 /* GoogleService-Info.plist in Resources */,
				EEDE82D41F1CDD67003691B7 /* Assets.xcassets in Resources */,
				EEDE82D21F1CDD67003691B7 /* Main.storyboard in Resources */,
			);
			runOnlyForDeploymentPostprocessing = 0;
		};
/* End PBXResourcesBuildPhase section */

/* Begin PBXShellScriptBuildPhase section */
		1E0113584218FBE2CF4D23C1 /* [CP] Check Pods Manifest.lock */ = {
			isa = PBXShellScriptBuildPhase;
			buildActionMask = 2147483647;
			files = (
			);
			inputPaths = (
			);
			name = "[CP] Check Pods Manifest.lock";
			outputPaths = (
			);
			runOnlyForDeploymentPostprocessing = 0;
			shellPath = /bin/sh;
			shellScript = "diff \"${PODS_ROOT}/../Podfile.lock\" \"${PODS_ROOT}/Manifest.lock\" > /dev/null\nif [ $? != 0 ] ; then\n    # print error to STDERR\n    echo \"error: The sandbox is not in sync with the Podfile.lock. Run 'pod install' or update your CocoaPods installation.\" >&2\n    exit 1\nfi\n";
			showEnvVarsInLog = 0;
		};
		9131C8A3DF8B1C54588F02C5 /* [CP] Copy Pods Resources */ = {
			isa = PBXShellScriptBuildPhase;
			buildActionMask = 2147483647;
			files = (
			);
			inputPaths = (
			);
			name = "[CP] Copy Pods Resources";
			outputPaths = (
			);
			runOnlyForDeploymentPostprocessing = 0;
			shellPath = /bin/sh;
			shellScript = "\"${SRCROOT}/Pods/Target Support Files/Pods-SocialTest/Pods-SocialTest-resources.sh\"\n";
			showEnvVarsInLog = 0;
		};
		E16EF10BAEF3CE52A4C2B068 /* [CP] Embed Pods Frameworks */ = {
			isa = PBXShellScriptBuildPhase;
			buildActionMask = 2147483647;
			files = (
			);
			inputPaths = (
			);
			name = "[CP] Embed Pods Frameworks";
			outputPaths = (
			);
			runOnlyForDeploymentPostprocessing = 0;
			shellPath = /bin/sh;
			shellScript = "\"${SRCROOT}/Pods/Target Support Files/Pods-SocialTest/Pods-SocialTest-frameworks.sh\"\n";
			showEnvVarsInLog = 0;
		};
/* End PBXShellScriptBuildPhase section */

/* Begin PBXSourcesBuildPhase section */
		EEDE82C51F1CDD67003691B7 /* Sources */ = {
			isa = PBXSourcesBuildPhase;
			buildActionMask = 2147483647;
			files = (
				EE2E1A2A1F4DA2A200C7E4B2 /* FeedVC.swift in Sources */,
				EE243CEC1F4C623A004ACD62 /* CircleImageView.swift in Sources */,
				EE243CE81F4C5C1B004ACD62 /* FancyField.swift in Sources */,
				EEDE82CF1F1CDD67003691B7 /* SignInVC.swift in Sources */,
				EE243CE61F4C5B19004ACD62 /* RoundBtn.swift in Sources */,
				EEDE82CD1F1CDD67003691B7 /* AppDelegate.swift in Sources */,
				EE243CE11F4C598E004ACD62 /* FancyView.swift in Sources */,
				EE243CE41F4C59E3004ACD62 /* Constants.swift in Sources */,
				EE243CEA1F4C5D0A004ACD62 /* FancyBtn.swift in Sources */,
				EE2E1A2C1F4EB21C00C7E4B2 /* PostCell.swift in Sources */,
			);
			runOnlyForDeploymentPostprocessing = 0;
		};
/* End PBXSourcesBuildPhase section */

/* Begin PBXVariantGroup section */
		EEDE82D01F1CDD67003691B7 /* Main.storyboard */ = {
			isa = PBXVariantGroup;
			children = (
				EEDE82D11F1CDD67003691B7 /* Base */,
			);
			name = Main.storyboard;
			sourceTree = "<group>";
		};
		EEDE82D51F1CDD67003691B7 /* LaunchScreen.storyboard */ = {
			isa = PBXVariantGroup;
			children = (
				EEDE82D61F1CDD67003691B7 /* Base */,
			);
			name = LaunchScreen.storyboard;
			sourceTree = "<group>";
		};
/* End PBXVariantGroup section */

/* Begin XCBuildConfiguration section */
		EEDE82D91F1CDD67003691B7 /* Debug */ = {
			isa = XCBuildConfiguration;
			buildSettings = {
				ALWAYS_SEARCH_USER_PATHS = NO;
				CLANG_ANALYZER_NONNULL = YES;
				CLANG_ANALYZER_NUMBER_OBJECT_CONVERSION = YES_AGGRESSIVE;
				CLANG_CXX_LANGUAGE_STANDARD = "gnu++0x";
				CLANG_CXX_LIBRARY = "libc++";
				CLANG_ENABLE_MODULES = YES;
				CLANG_ENABLE_OBJC_ARC = YES;
				CLANG_WARN_BOOL_CONVERSION = YES;
				CLANG_WARN_CONSTANT_CONVERSION = YES;
				CLANG_WARN_DIRECT_OBJC_ISA_USAGE = YES_ERROR;
				CLANG_WARN_DOCUMENTATION_COMMENTS = YES;
				CLANG_WARN_EMPTY_BODY = YES;
				CLANG_WARN_ENUM_CONVERSION = YES;
				CLANG_WARN_INFINITE_RECURSION = YES;
				CLANG_WARN_INT_CONVERSION = YES;
				CLANG_WARN_OBJC_ROOT_CLASS = YES_ERROR;
				CLANG_WARN_SUSPICIOUS_MOVE = YES;
				CLANG_WARN_UNREACHABLE_CODE = YES;
				CLANG_WARN__DUPLICATE_METHOD_MATCH = YES;
				"CODE_SIGN_IDENTITY[sdk=iphoneos*]" = "iPhone Developer";
				COPY_PHASE_STRIP = NO;
				DEBUG_INFORMATION_FORMAT = dwarf;
				ENABLE_STRICT_OBJC_MSGSEND = YES;
				ENABLE_TESTABILITY = YES;
				GCC_C_LANGUAGE_STANDARD = gnu99;
				GCC_DYNAMIC_NO_PIC = NO;
				GCC_NO_COMMON_BLOCKS = YES;
				GCC_OPTIMIZATION_LEVEL = 0;
				GCC_PREPROCESSOR_DEFINITIONS = (
					"DEBUG=1",
					"$(inherited)",
				);
				GCC_WARN_64_TO_32_BIT_CONVERSION = YES;
				GCC_WARN_ABOUT_RETURN_TYPE = YES_ERROR;
				GCC_WARN_UNDECLARED_SELECTOR = YES;
				GCC_WARN_UNINITIALIZED_AUTOS = YES_AGGRESSIVE;
				GCC_WARN_UNUSED_FUNCTION = YES;
				GCC_WARN_UNUSED_VARIABLE = YES;
				IPHONEOS_DEPLOYMENT_TARGET = 10.3;
				MTL_ENABLE_DEBUG_INFO = YES;
				ONLY_ACTIVE_ARCH = YES;
				SDKROOT = iphoneos;
				SWIFT_ACTIVE_COMPILATION_CONDITIONS = DEBUG;
				SWIFT_OPTIMIZATION_LEVEL = "-Onone";
			};
			name = Debug;
		};
		EEDE82DA1F1CDD67003691B7 /* Release */ = {
			isa = XCBuildConfiguration;
			buildSettings = {
				ALWAYS_SEARCH_USER_PATHS = NO;
				CLANG_ANALYZER_NONNULL = YES;
				CLANG_ANALYZER_NUMBER_OBJECT_CONVERSION = YES_AGGRESSIVE;
				CLANG_CXX_LANGUAGE_STANDARD = "gnu++0x";
				CLANG_CXX_LIBRARY = "libc++";
				CLANG_ENABLE_MODULES = YES;
				CLANG_ENABLE_OBJC_ARC = YES;
				CLANG_WARN_BOOL_CONVERSION = YES;
				CLANG_WARN_CONSTANT_CONVERSION = YES;
				CLANG_WARN_DIRECT_OBJC_ISA_USAGE = YES_ERROR;
				CLANG_WARN_DOCUMENTATION_COMMENTS = YES;
				CLANG_WARN_EMPTY_BODY = YES;
				CLANG_WARN_ENUM_CONVERSION = YES;
				CLANG_WARN_INFINITE_RECURSION = YES;
				CLANG_WARN_INT_CONVERSION = YES;
				CLANG_WARN_OBJC_ROOT_CLASS = YES_ERROR;
				CLANG_WARN_SUSPICIOUS_MOVE = YES;
				CLANG_WARN_UNREACHABLE_CODE = YES;
				CLANG_WARN__DUPLICATE_METHOD_MATCH = YES;
				"CODE_SIGN_IDENTITY[sdk=iphoneos*]" = "iPhone Developer";
				COPY_PHASE_STRIP = NO;
				DEBUG_INFORMATION_FORMAT = "dwarf-with-dsym";
				ENABLE_NS_ASSERTIONS = NO;
				ENABLE_STRICT_OBJC_MSGSEND = YES;
				GCC_C_LANGUAGE_STANDARD = gnu99;
				GCC_NO_COMMON_BLOCKS = YES;
				GCC_WARN_64_TO_32_BIT_CONVERSION = YES;
				GCC_WARN_ABOUT_RETURN_TYPE = YES_ERROR;
				GCC_WARN_UNDECLARED_SELECTOR = YES;
				GCC_WARN_UNINITIALIZED_AUTOS = YES_AGGRESSIVE;
				GCC_WARN_UNUSED_FUNCTION = YES;
				GCC_WARN_UNUSED_VARIABLE = YES;
				IPHONEOS_DEPLOYMENT_TARGET = 10.3;
				MTL_ENABLE_DEBUG_INFO = NO;
				SDKROOT = iphoneos;
				SWIFT_OPTIMIZATION_LEVEL = "-Owholemodule";
				VALIDATE_PRODUCT = YES;
			};
			name = Release;
		};
		EEDE82DC1F1CDD67003691B7 /* Debug */ = {
			isa = XCBuildConfiguration;
			baseConfigurationReference = 7E988E651642DBA4F1AB12D5 /* Pods-SocialTest.debug.xcconfig */;
			buildSettings = {
				ASSETCATALOG_COMPILER_APPICON_NAME = AppIcon;
				CODE_SIGN_ENTITLEMENTS = SocialTest/SocialTest.entitlements;
				DEVELOPMENT_TEAM = 9CCA576RL3;
				INFOPLIST_FILE = SocialTest/Info.plist;
				LD_RUNPATH_SEARCH_PATHS = "$(inherited) @executable_path/Frameworks";
				PRODUCT_BUNDLE_IDENTIFIER = com.hardcode.SocialTest;
				PRODUCT_NAME = "$(TARGET_NAME)";
				SWIFT_VERSION = 3.0;
			};
			name = Debug;
		};
		EEDE82DD1F1CDD67003691B7 /* Release */ = {
			isa = XCBuildConfiguration;
			baseConfigurationReference = 9A1A1FD995FEA248A23804D2 /* Pods-SocialTest.release.xcconfig */;
			buildSettings = {
				ASSETCATALOG_COMPILER_APPICON_NAME = AppIcon;
				CODE_SIGN_ENTITLEMENTS = SocialTest/SocialTest.entitlements;
				DEVELOPMENT_TEAM = 9CCA576RL3;
				INFOPLIST_FILE = SocialTest/Info.plist;
				LD_RUNPATH_SEARCH_PATHS = "$(inherited) @executable_path/Frameworks";
				PRODUCT_BUNDLE_IDENTIFIER = com.hardcode.SocialTest;
				PRODUCT_NAME = "$(TARGET_NAME)";
				SWIFT_VERSION = 3.0;
			};
			name = Release;
		};
/* End XCBuildConfiguration section */

/* Begin XCConfigurationList section */
		EEDE82C41F1CDD67003691B7 /* Build configuration list for PBXProject "SocialTest" */ = {
			isa = XCConfigurationList;
			buildConfigurations = (
				EEDE82D91F1CDD67003691B7 /* Debug */,
				EEDE82DA1F1CDD67003691B7 /* Release */,
			);
			defaultConfigurationIsVisible = 0;
			defaultConfigurationName = Release;
		};
		EEDE82DB1F1CDD67003691B7 /* Build configuration list for PBXNativeTarget "SocialTest" */ = {
			isa = XCConfigurationList;
			buildConfigurations = (
				EEDE82DC1F1CDD67003691B7 /* Debug */,
				EEDE82DD1F1CDD67003691B7 /* Release */,
			);
			defaultConfigurationIsVisible = 0;
			defaultConfigurationName = Release;
		};
/* End XCConfigurationList section */
	};
	rootObject = EEDE82C11F1CDD67003691B7 /* Project object */;
}
